
Microsoft Visual Studio Solution File, Format Version 12.00
# Visual Studio Version 16
VisualStudioVersion = 16.0.30413.136
MinimumVisualStudioVersion = 10.0.40219.1
Project("{9A19103F-16F7-4668-BE54-9A1E7A4F7556}") = "Honamic.Redirector", "src\Honamic.Redirector\Honamic.Redirector.csproj", "{55CBA7FC-28E3-425B-84CB-1B20A1798F00}"
EndProject
Project("{9A19103F-16F7-4668-BE54-9A1E7A4F7556}") = "Honamic.Redirector.Sample", "src\Honamic.Redirector.Sample\Honamic.Redirector.Sample.csproj", "{F59474DF-9118-462D-8385-D7C09B988509}"
EndProject
Project("{9A19103F-16F7-4668-BE54-9A1E7A4F7556}") = "Honamic.Redirector.Test", "src\Honamic.Redirector.Test\Honamic.Redirector.Test.csproj", "{E14EC98D-73D6-4778-8A8A-3D2CFC422811}"
EndProject
Global
	GlobalSection(SolutionConfigurationPlatforms) = preSolution
		Debug|Any CPU = Debug|Any CPU
		Release|Any CPU = Release|Any CPU
	EndGlobalSection
	GlobalSection(ProjectConfigurationPlatforms) = postSolution
		{55CBA7FC-28E3-425B-84CB-1B20A1798F00}.Debug|Any CPU.ActiveCfg = Debug|Any CPU
		{55CBA7FC-28E3-425B-84CB-1B20A1798F00}.Debug|Any CPU.Build.0 = Debug|Any CPU
		{55CBA7FC-28E3-425B-84CB-1B20A1798F00}.Release|Any CPU.ActiveCfg = Release|Any CPU
		{55CBA7FC-28E3-425B-84CB-1B20A1798F00}.Release|Any CPU.Build.0 = Release|Any CPU
		{F59474DF-9118-462D-8385-D7C09B988509}.Debug|Any CPU.ActiveCfg = Debug|Any CPU
		{F59474DF-9118-462D-8385-D7C09B988509}.Debug|Any CPU.Build.0 = Debug|Any CPU
		{F59474DF-9118-462D-8385-D7C09B988509}.Release|Any CPU.ActiveCfg = Release|Any CPU
		{F59474DF-9118-462D-8385-D7C09B988509}.Release|Any CPU.Build.0 = Release|Any CPU
		{E14EC98D-73D6-4778-8A8A-3D2CFC422811}.Debug|Any CPU.ActiveCfg = Debug|Any CPU
		{E14EC98D-73D6-4778-8A8A-3D2CFC422811}.Debug|Any CPU.Build.0 = Debug|Any CPU
		{E14EC98D-73D6-4778-8A8A-3D2CFC422811}.Release|Any CPU.ActiveCfg = Release|Any CPU
		{E14EC98D-73D6-4778-8A8A-3D2CFC422811}.Release|Any CPU.Build.0 = Release|Any CPU
	EndGlobalSection
	GlobalSection(SolutionProperties) = preSolution
		HideSolutionNode = FALSE
	EndGlobalSection
	GlobalSection(ExtensibilityGlobals) = postSolution
		SolutionGuid = {CCA4A0A3-F87B-46F3-907B-F858C0912B91}
	EndGlobalSection
EndGlobal
